<?xml version="1.0" encoding="utf-8"?>
<Project ToolsVersion="4.0" xmlns="http://schemas.microsoft.com/developer/msbuild/2003">
  <ItemGroup>
    <Filter Include="Fichiers sources">
      <UniqueIdentifier>{4FC737F1-C7A5-4376-A066-2A32D752A2FF}</UniqueIdentifier>
      <Extensions>cpp;c;cc;cxx;def;odl;idl;hpj;bat;asm;asmx</Extensions>
    </Filter>
    <Filter Include="Fichiers d%27en-tête">
      <UniqueIdentifier>{93995380-89BD-4b04-88EB-625FBE52EBFB}</UniqueIdentifier>
      <Extensions>h;hh;hpp;hxx;hm;inl;inc;xsd</Extensions>
    </Filter>
    <Filter Include="Fichiers de ressources">
      <UniqueIdentifier>{67DA6AB6-F800-4c08-8B7A-83BB121AAD01}</UniqueIdentifier>
      <Extensions>rc;ico;cur;bmp;dlg;rc2;rct;bin;rgs;gif;jpg;jpeg;jpe;resx;tiff;tif;png;wav;mfcribbon-ms</Extensions>
    </Filter>
  </ItemGroup>
  <ItemGroup>
    <Text Include="ReadMe.txt" />
  </ItemGroup>
  <ItemGroup>
    <ClCompile Include="src\apiimport.c">
      <Filter>Fichiers sources</Filter>
    </ClCompile>
    <ClCompile Include="src\avltree.c">
      <Filter>Fichiers sources</Filter>
    </ClCompile>
    <ClCompile Include="src\basesup.c">
      <Filter>Fichiers sources</Filter>
    </ClCompile>
    <ClCompile Include="src\circbuf.c">
      <Filter>Fichiers sources</Filter>
    </ClCompile>
    <ClCompile Include="src\colorbox.c">
      <Filter>Fichiers sources</Filter>
    </ClCompile>
    <ClCompile Include="src\cpysave.c">
      <Filter>Fichiers sources</Filter>
    </ClCompile>
    <ClCompile Include="src\data.c">
      <Filter>Fichiers sources</Filter>
    </ClCompile>
    <ClCompile Include="src\dspick.c">
      <Filter>Fichiers sources</Filter>
    </ClCompile>
    <ClCompile Include="src\emenu.c">
      <Filter>Fichiers sources</Filter>
    </ClCompile>
    <ClCompile Include="src\error.c">
      <Filter>Fichiers sources</Filter>
    </ClCompile>
    <ClCompile Include="src\extlv.c">
      <Filter>Fichiers sources</Filter>
    </ClCompile>
    <ClCompile Include="src\fastlock.c">
      <Filter>Fichiers sources</Filter>
    </ClCompile>
    <ClCompile Include="src\filepool.c">
      <Filter>Fichiers sources</Filter>
    </ClCompile>
    <ClCompile Include="src\filestream.c">
      <Filter>Fichiers sources</Filter>
    </ClCompile>
    <ClCompile Include="src\format.c">
      <Filter>Fichiers sources</Filter>
    </ClCompile>
    <ClCompile Include="src\global.c">
      <Filter>Fichiers sources</Filter>
    </ClCompile>
    <ClCompile Include="src\graph.c">
      <Filter>Fichiers sources</Filter>
    </ClCompile>
    <ClCompile Include="src\guisup.c">
      <Filter>Fichiers sources</Filter>
    </ClCompile>
    <ClCompile Include="src\handle.c">
      <Filter>Fichiers sources</Filter>
    </ClCompile>
    <ClCompile Include="src\hexedit.c">
      <Filter>Fichiers sources</Filter>
    </ClCompile>
    <ClCompile Include="src\hndlinfo.c">
      <Filter>Fichiers sources</Filter>
    </ClCompile>
    <ClCompile Include="src\icotobmp.c">
      <Filter>Fichiers sources</Filter>
    </ClCompile>
    <ClCompile Include="src\kph.c">
      <Filter>Fichiers sources</Filter>
    </ClCompile>
    <ClCompile Include="src\kphdata.c">
      <Filter>Fichiers sources</Filter>
    </ClCompile>
    <ClCompile Include="src\lsasup.c">
      <Filter>Fichiers sources</Filter>
    </ClCompile>
    <ClCompile Include="src\mapimg.c">
      <Filter>Fichiers sources</Filter>
    </ClCompile>
    <ClCompile Include="src\maplib.c">
      <Filter>Fichiers sources</Filter>
    </ClCompile>
    <ClCompile Include="src\md5.c">
      <Filter>Fichiers sources</Filter>
    </ClCompile>
    <ClCompile Include="src\native.c">
      <Filter>Fichiers sources</Filter>
    </ClCompile>
    <ClCompile Include="src\provider.c">
      <Filter>Fichiers sources</Filter>
    </ClCompile>
    <ClCompile Include="src\queuedlock.c">
      <Filter>Fichiers sources</Filter>
    </ClCompile>
    <ClCompile Include="src\ref.c">
      <Filter>Fichiers sources</Filter>
    </ClCompile>
    <ClCompile Include="src\secdata.c">
      <Filter>Fichiers sources</Filter>
    </ClCompile>
    <ClCompile Include="src\secedit.c">
      <Filter>Fichiers sources</Filter>
    </ClCompile>
    <ClCompile Include="src\sha.c">
      <Filter>Fichiers sources</Filter>
    </ClCompile>
    <ClCompile Include="src\sha256.c">
      <Filter>Fichiers sources</Filter>
    </ClCompile>
    <ClCompile Include="src\svcsup.c">
      <Filter>Fichiers sources</Filter>
    </ClCompile>
    <ClCompile Include="src\symprv.c">
      <Filter>Fichiers sources</Filter>
    </ClCompile>
    <ClCompile Include="src\sync.c">
      <Filter>Fichiers sources</Filter>
    </ClCompile>
    <ClCompile Include="src\treenew.c">
      <Filter>Fichiers sources</Filter>
    </ClCompile>
    <ClCompile Include="src\util.c">
      <Filter>Fichiers sources</Filter>
    </ClCompile>
    <ClCompile Include="src\verify.c">
      <Filter>Fichiers sources</Filter>
    </ClCompile>
    <ClCompile Include="src\workqueue.c">
      <Filter>Fichiers sources</Filter>
    </ClCompile>
  </ItemGroup>
  <ItemGroup>
    <ClInclude Include="src\circbuf_i.h">
      <Filter>Fichiers sources</Filter>
    </ClInclude>
    <ClInclude Include="src\format_i.h">
      <Filter>Fichiers sources</Filter>
    </ClInclude>
    <ClInclude Include="src\md5.h">
      <Filter>Fichiers sources</Filter>
    </ClInclude>
    <ClInclude Include="src\sha.h">
      <Filter>Fichiers sources</Filter>
    </ClInclude>
    <ClInclude Include="src\sha256.h">
      <Filter>Fichiers sources</Filter>
    </ClInclude>
    <ClInclude Include="include\apiimport.h">
      <Filter>Fichiers d%27en-tête</Filter>
    </ClInclude>
    <ClInclude Include="include\circbuf.h">
      <Filter>Fichiers d%27en-tête</Filter>
    </ClInclude>
    <ClInclude Include="include\circbuf_h.h">
      <Filter>Fichiers d%27en-tête</Filter>
    </ClInclude>
    <ClInclude Include="include\colorbox.h">
      <Filter>Fichiers d%27en-tête</Filter>
    </ClInclude>
    <ClInclude Include="include\cpysave.h">
      <Filter>Fichiers d%27en-tête</Filter>
    </ClInclude>
    <ClInclude Include="include\dltmgr.h">
      <Filter>Fichiers d%27en-tête</Filter>
    </ClInclude>
    <ClInclude Include="include\dspick.h">
      <Filter>Fichiers d%27en-tête</Filter>
    </ClInclude>
    <ClInclude Include="include\emenu.h">
      <Filter>Fichiers d%27en-tête</Filter>
    </ClInclude>
    <ClInclude Include="include\fastlock.h">
      <Filter>Fichiers d%27en-tête</Filter>
    </ClInclude>
    <ClInclude Include="include\filepool.h">
      <Filter>Fichiers d%27en-tête</Filter>
    </ClInclude>
    <ClInclude Include="include\filepoolp.h">
      <Filter>Fichiers d%27en-tête</Filter>
    </ClInclude>
    <ClInclude Include="include\filestream.h">
      <Filter>Fichiers d%27en-tête</Filter>
    </ClInclude>
    <ClInclude Include="include\filestreamp.h">
      <Filter>Fichiers d%27en-tête</Filter>
    </ClInclude>
    <ClInclude Include="include\graph.h">
      <Filter>Fichiers d%27en-tête</Filter>
    </ClInclude>
    <ClInclude Include="include\guisup.h">
      <Filter>Fichiers d%27en-tête</Filter>
    </ClInclude>
    <ClInclude Include="include\guisupp.h">
      <Filter>Fichiers d%27en-tête</Filter>
    </ClInclude>
    <ClInclude Include="include\handle.h">
      <Filter>Fichiers d%27en-tête</Filter>
    </ClInclude>
    <ClInclude Include="include\handlep.h">
      <Filter>Fichiers d%27en-tête</Filter>
    </ClInclude>
    <ClInclude Include="include\hexedit.h">
      <Filter>Fichiers d%27en-tête</Filter>
    </ClInclude>
    <ClInclude Include="include\hexeditp.h">
      <Filter>Fichiers d%27en-tête</Filter>
    </ClInclude>
    <ClInclude Include="include\hndlinfo.h">
      <Filter>Fichiers d%27en-tête</Filter>
    </ClInclude>
    <ClInclude Include="include\kphapi.h">
      <Filter>Fichiers d%27en-tête</Filter>
    </ClInclude>
    <ClInclude Include="include\kphuser.h">
      <Filter>Fichiers d%27en-tête</Filter>
    </ClInclude>
    <ClInclude Include="include\kphuserp.h">
      <Filter>Fichiers d%27en-tête</Filter>
    </ClInclude>
    <ClInclude Include="include\lsasup.h">
      <Filter>Fichiers d%27en-tête</Filter>
    </ClInclude>
    <ClInclude Include="include\mapimg.h">
      <Filter>Fichiers d%27en-tête</Filter>
    </ClInclude>
    <ClInclude Include="include\ph.h">
      <Filter>Fichiers d%27en-tête</Filter>
    </ClInclude>
    <ClInclude Include="include\phbase.h">
      <Filter>Fichiers d%27en-tête</Filter>
    </ClInclude>
    <ClInclude Include="include\phbasesup.h">
      <Filter>Fichiers d%27en-tête</Filter>
    </ClInclude>
    <ClInclude Include="include\phconfig.h">
      <Filter>Fichiers d%27en-tête</Filter>
    </ClInclude>
    <ClInclude Include="include\phdata.h">
      <Filter>Fichiers d%27en-tête</Filter>
    </ClInclude>
    <ClInclude Include="include\phintrnl.h">
      <Filter>Fichiers d%27en-tête</Filter>
    </ClInclude>
    <ClInclude Include="include\phnative.h">
      <Filter>Fichiers d%27en-tête</Filter>
    </ClInclude>
    <ClInclude Include="include\phnativeinl.h">
      <Filter>Fichiers d%27en-tête</Filter>
    </ClInclude>
    <ClInclude Include="include\phnet.h">
      <Filter>Fichiers d%27en-tête</Filter>
    </ClInclude>
    <ClInclude Include="include\phsup.h">
      <Filter>Fichiers d%27en-tête</Filter>
    </ClInclude>
    <ClInclude Include="include\phutil.h">
      <Filter>Fichiers d%27en-tête</Filter>
    </ClInclude>
    <ClInclude Include="include\provider.h">
      <Filter>Fichiers d%27en-tête</Filter>
    </ClInclude>
    <ClInclude Include="include\queuedlock.h">
      <Filter>Fichiers d%27en-tête</Filter>
    </ClInclude>
    <ClInclude Include="include\ref.h">
      <Filter>Fichiers d%27en-tête</Filter>
    </ClInclude>
    <ClInclude Include="include\refp.h">
      <Filter>Fichiers d%27en-tête</Filter>
    </ClInclude>
    <ClInclude Include="include\secedit.h">
      <Filter>Fichiers d%27en-tête</Filter>
    </ClInclude>
    <ClInclude Include="include\seceditp.h">
      <Filter>Fichiers d%27en-tête</Filter>
    </ClInclude>
    <ClInclude Include="include\svcsup.h">
      <Filter>Fichiers d%27en-tête</Filter>
    </ClInclude>
    <ClInclude Include="include\symprv.h">
      <Filter>Fichiers d%27en-tête</Filter>
    </ClInclude>
    <ClInclude Include="include\symprvp.h">
      <Filter>Fichiers d%27en-tête</Filter>
    </ClInclude>
    <ClInclude Include="include\templ.h">
      <Filter>Fichiers d%27en-tête</Filter>
    </ClInclude>
    <ClInclude Include="include\treenew.h">
      <Filter>Fichiers d%27en-tête</Filter>
    </ClInclude>
    <ClInclude Include="include\treenewp.h">
      <Filter>Fichiers d%27en-tête</Filter>
    </ClInclude>
    <ClInclude Include="include\verify.h">
      <Filter>Fichiers d%27en-tête</Filter>
    </ClInclude>
    <ClInclude Include="include\verifyp.h">
      <Filter>Fichiers d%27en-tête</Filter>
    </ClInclude>
    <ClInclude Include="include\workqueue.h">
      <Filter>Fichiers d%27en-tête</Filter>
    </ClInclude>
    <ClInclude Include="include\workqueuep.h">
      <Filter>Fichiers d%27en-tête</Filter>
    </ClInclude>
    <ClInclude Include="include\settings.h">
      <Filter>Fichiers d%27en-tête</Filter>
    </ClInclude>
  </ItemGroup>
  <ItemGroup>
    <None Include="src\phlib.vcxproj">
      <Filter>Fichiers sources</Filter>
    </None>
    <None Include="src\phlib.vcxproj.filters">
      <Filter>Fichiers sources</Filter>
    </None>
    <None Include="src\phlib.vcxproj.user">
      <Filter>Fichiers sources</Filter>
    </None>
  </ItemGroup>
</Project>