<?xml version="1.0" encoding="utf-8"?>
<Project ToolsVersion="4.0" xmlns="http://schemas.microsoft.com/developer/msbuild/2003">
  <ItemGroup>
    <Filter Include="Fichiers sources">
      <UniqueIdentifier>{4FC737F1-C7A5-4376-A066-2A32D752A2FF}</UniqueIdentifier>
      <Extensions>cpp;c;cc;cxx;def;odl;idl;hpj;bat;asm;asmx</Extensions>
    </Filter>
    <Filter Include="Fichiers d%27en-tête">
      <UniqueIdentifier>{93995380-89BD-4b04-88EB-625FBE52EBFB}</UniqueIdentifier>
      <Extensions>h;hh;hpp;hxx;hm;inl;inc;xsd</Extensions>
    </Filter>
    <Filter Include="Fichiers de ressources">
      <UniqueIdentifier>{67DA6AB6-F800-4c08-8B7A-83BB121AAD01}</UniqueIdentifier>
      <Extensions>rc;ico;cur;bmp;dlg;rc2;rct;bin;rgs;gif;jpg;jpeg;jpe;resx;tiff;tif;png;wav;mfcribbon-ms</Extensions>
    </Filter>
    <Filter Include="Fichiers sources\Managed">
      <UniqueIdentifier>{e9536ddc-3c30-4ef3-99fa-0e7f44736ebb}</UniqueIdentifier>
    </Filter>
    <Filter Include="Fichiers sources\Unmanaged">
      <UniqueIdentifier>{e79a5a25-1203-4753-8c5a-644629cfac1a}</UniqueIdentifier>
    </Filter>
  </ItemGroup>
  <ItemGroup>
    <ClInclude Include="resource.h">
      <Filter>Fichiers d%27en-tête</Filter>
    </ClInclude>
    <ClInclude Include="include\ClrPhlib.h">
      <Filter>Fichiers d%27en-tête</Filter>
    </ClInclude>
    <ClInclude Include="include\UnmanagedPh.h">
      <Filter>Fichiers d%27en-tête</Filter>
    </ClInclude>
    <ClInclude Include="include\ApiSet.h">
      <Filter>Fichiers d%27en-tête</Filter>
    </ClInclude>
    <ClInclude Include="include\NativeFile.h">
      <Filter>Fichiers d%27en-tête</Filter>
    </ClInclude>
    <ClInclude Include="include\UnmanagedSymPrv.h">
      <Filter>Fichiers d%27en-tête</Filter>
    </ClInclude>
  </ItemGroup>
  <ItemGroup>
    <ClCompile Include="ClrPhlib.cpp">
      <Filter>Fichiers sources</Filter>
    </ClCompile>
    <ClCompile Include="AssemblyInfo.cpp">
      <Filter>Fichiers sources</Filter>
    </ClCompile>
    <ClCompile Include="src\unmanaged\UnmanagedPE.cpp">
      <Filter>Fichiers sources\Unmanaged</Filter>
    </ClCompile>
    <ClCompile Include="src\unmanaged\UnmanagedSymPrv.cpp">
      <Filter>Fichiers sources\Unmanaged</Filter>
    </ClCompile>
    <ClCompile Include="src\managed\PE.cpp">
      <Filter>Fichiers sources\Managed</Filter>
    </ClCompile>
    <ClCompile Include="src\managed\PeExport.cpp">
      <Filter>Fichiers sources\Managed</Filter>
    </ClCompile>
    <ClCompile Include="src\managed\PeImport.cpp">
      <Filter>Fichiers sources\Managed</Filter>
    </ClCompile>
    <ClCompile Include="src\managed\Phlib.cpp">
      <Filter>Fichiers sources\Managed</Filter>
    </ClCompile>
    <ClCompile Include="src\managed\PhSymbolProvider.cpp">
      <Filter>Fichiers sources\Managed</Filter>
    </ClCompile>
    <ClCompile Include="src\managed\NativeFile.cpp">
      <Filter>Fichiers sources\Managed</Filter>
    </ClCompile>
    <ClCompile Include="src\unmanaged\demangle.cpp">
      <Filter>Fichiers sources\Unmanaged</Filter>
    </ClCompile>
  </ItemGroup>
  <ItemGroup>
    <Text Include="ReadMe.txt" />
  </ItemGroup>
  <ItemGroup>
    <ResourceCompile Include="app.rc">
      <Filter>Fichiers de ressources</Filter>
    </ResourceCompile>
  </ItemGroup>
  <ItemGroup>
    <Image Include="app.ico">
      <Filter>Fichiers de ressources</Filter>
    </Image>
  </ItemGroup>
  <ItemGroup>
    <Manifest Include="ClrPhlib.manifest" />
  </ItemGroup>
</Project>